
Microsoft Visual Studio Solution File, Format Version 12.00
# Visual Studio Version 17
VisualStudioVersion = 17.13.35931.197
MinimumVisualStudioVersion = 10.0.40219.1
Project("{FAE04EC0-301F-11D3-BF4B-00C04F79EFBC}") = "VkrChegodaeva.Presentation", "VkrChegodaeva.Presentation\VkrChegodaeva.Presentation.csproj", "{E49921E5-4BB9-47C9-A957-196005CF3524}"
EndProject
Project("{FAE04EC0-301F-11D3-BF4B-00C04F79EFBC}") = "VkrChegodaeva.Domain", "VkrChegodaeva.Domain\VkrChegodaeva.Domain.csproj", "{671BF099-65A1-4B28-B2D7-412B8F359F57}"
EndProject
Project("{FAE04EC0-301F-11D3-BF4B-00C04F79EFBC}") = "VkrChegodaeva.Application", "VkrChegodaeva.Application\VkrChegodaeva.Application.csproj", "{ED1649BD-1CAE-4903-8398-B9F22FEC857B}"
EndProject
Project("{FAE04EC0-301F-11D3-BF4B-00C04F79EFBC}") = "VkrChegodaeva.Infrastructure", "VkrChegodaeva.Infrastructure\VkrChegodaeva.Infrastructure.csproj", "{876AB3C0-28C6-4ECB-81A1-053F0F25C8AE}"
EndProject
Project("{FAE04EC0-301F-11D3-BF4B-00C04F79EFBC}") = "VkrChegodaeva.Tests", "VkrChegodaeva.Tests\VkrChegodaeva.Tests.csproj", "{77A96C0B-8108-4BF1-AFD9-F9FF10A57B51}"
	ProjectSection(ProjectDependencies) = postProject
		{876AB3C0-28C6-4ECB-81A1-053F0F25C8AE} = {876AB3C0-28C6-4ECB-81A1-053F0F25C8AE}
		{ED1649BD-1CAE-4903-8398-B9F22FEC857B} = {ED1649BD-1CAE-4903-8398-B9F22FEC857B}
	EndProjectSection
EndProject
Global
	GlobalSection(SolutionConfigurationPlatforms) = preSolution
		Debug|Any CPU = Debug|Any CPU
		Release|Any CPU = Release|Any CPU
	EndGlobalSection
	GlobalSection(ProjectConfigurationPlatforms) = postSolution
		{E49921E5-4BB9-47C9-A957-196005CF3524}.Debug|Any CPU.ActiveCfg = Debug|Any CPU
		{E49921E5-4BB9-47C9-A957-196005CF3524}.Debug|Any CPU.Build.0 = Debug|Any CPU
		{E49921E5-4BB9-47C9-A957-196005CF3524}.Release|Any CPU.ActiveCfg = Release|Any CPU
		{E49921E5-4BB9-47C9-A957-196005CF3524}.Release|Any CPU.Build.0 = Release|Any CPU
		{671BF099-65A1-4B28-B2D7-412B8F359F57}.Debug|Any CPU.ActiveCfg = Debug|Any CPU
		{671BF099-65A1-4B28-B2D7-412B8F359F57}.Debug|Any CPU.Build.0 = Debug|Any CPU
		{671BF099-65A1-4B28-B2D7-412B8F359F57}.Release|Any CPU.ActiveCfg = Release|Any CPU
		{671BF099-65A1-4B28-B2D7-412B8F359F57}.Release|Any CPU.Build.0 = Release|Any CPU
		{ED1649BD-1CAE-4903-8398-B9F22FEC857B}.Debug|Any CPU.ActiveCfg = Debug|Any CPU
		{ED1649BD-1CAE-4903-8398-B9F22FEC857B}.Debug|Any CPU.Build.0 = Debug|Any CPU
		{ED1649BD-1CAE-4903-8398-B9F22FEC857B}.Release|Any CPU.ActiveCfg = Release|Any CPU
		{ED1649BD-1CAE-4903-8398-B9F22FEC857B}.Release|Any CPU.Build.0 = Release|Any CPU
		{876AB3C0-28C6-4ECB-81A1-053F0F25C8AE}.Debug|Any CPU.ActiveCfg = Debug|Any CPU
		{876AB3C0-28C6-4ECB-81A1-053F0F25C8AE}.Debug|Any CPU.Build.0 = Debug|Any CPU
		{876AB3C0-28C6-4ECB-81A1-053F0F25C8AE}.Release|Any CPU.ActiveCfg = Release|Any CPU
		{876AB3C0-28C6-4ECB-81A1-053F0F25C8AE}.Release|Any CPU.Build.0 = Release|Any CPU
		{77A96C0B-8108-4BF1-AFD9-F9FF10A57B51}.Debug|Any CPU.ActiveCfg = Debug|Any CPU
		{77A96C0B-8108-4BF1-AFD9-F9FF10A57B51}.Debug|Any CPU.Build.0 = Debug|Any CPU
		{77A96C0B-8108-4BF1-AFD9-F9FF10A57B51}.Release|Any CPU.ActiveCfg = Release|Any CPU
		{77A96C0B-8108-4BF1-AFD9-F9FF10A57B51}.Release|Any CPU.Build.0 = Release|Any CPU
	EndGlobalSection
	GlobalSection(SolutionProperties) = preSolution
		HideSolutionNode = FALSE
	EndGlobalSection
	GlobalSection(ExtensibilityGlobals) = postSolution
		SolutionGuid = {694E7046-5333-4E6D-87E9-3879683F8C8F}
	EndGlobalSection
EndGlobal
